
Microsoft Visual Studio Solution File, Format Version 12.00
Project("{FAE04EC0-301F-11D3-BF4B-00C04F79EFBC}") = "Hrim.Event.Analytics.Web", "Hrim.Event.Analytics.Web\Hrim.Event.Analytics.Web.csproj", "{238929F7-B789-4508-9370-5CAD3B13040A}"
EndProject
Global
	GlobalSection(SolutionConfigurationPlatforms) = preSolution
		Debug|Any CPU = Debug|Any CPU
		Release|Any CPU = Release|Any CPU
	EndGlobalSection
	GlobalSection(ProjectConfigurationPlatforms) = postSolution
		{238929F7-B789-4508-9370-5CAD3B13040A}.Debug|Any CPU.ActiveCfg = Debug|Any CPU
		{238929F7-B789-4508-9370-5CAD3B13040A}.Debug|Any CPU.Build.0 = Debug|Any CPU
		{238929F7-B789-4508-9370-5CAD3B13040A}.Release|Any CPU.ActiveCfg = Release|Any CPU
		{238929F7-B789-4508-9370-5CAD3B13040A}.Release|Any CPU.Build.0 = Release|Any CPU
	EndGlobalSection
EndGlobal
